
Microsoft Visual Studio Solution File, Format Version 12.00
# Visual Studio Version 17
VisualStudioVersion = 17.9.34728.123
MinimumVisualStudioVersion = 10.0.40219.1
Project("{FAE04EC0-301F-11D3-BF4B-00C04F79EFBC}") = "WpfApp_12_05", "WpfApp_12_05\WpfApp_12_05.csproj", "{E51B1F7A-867D-4F37-A34F-09490D8CA3AD}"
EndProject
Global
	GlobalSection(SolutionConfigurationPlatforms) = preSolution
		Debug|Any CPU = Debug|Any CPU
		Release|Any CPU = Release|Any CPU
	EndGlobalSection
	GlobalSection(ProjectConfigurationPlatforms) = postSolution
		{E51B1F7A-867D-4F37-A34F-09490D8CA3AD}.Debug|Any CPU.ActiveCfg = Debug|Any CPU
		{E51B1F7A-867D-4F37-A34F-09490D8CA3AD}.Debug|Any CPU.Build.0 = Debug|Any CPU
		{E51B1F7A-867D-4F37-A34F-09490D8CA3AD}.Release|Any CPU.ActiveCfg = Release|Any CPU
		{E51B1F7A-867D-4F37-A34F-09490D8CA3AD}.Release|Any CPU.Build.0 = Release|Any CPU
	EndGlobalSection
	GlobalSection(SolutionProperties) = preSolution
		HideSolutionNode = FALSE
	EndGlobalSection
	GlobalSection(ExtensibilityGlobals) = postSolution
		SolutionGuid = {9BF1267B-EC3E-49F8-ABAF-4728B8E69A1D}
	EndGlobalSection
EndGlobal
